
Microsoft Visual Studio Solution File, Format Version 12.00
# Visual Studio Version 16
VisualStudioVersion = 16.0.29102.190
MinimumVisualStudioVersion = 10.0.40219.1
Project("{FAE04EC0-301F-11D3-BF4B-00C04F79EFBC}") = "HorseRace", "HorseRace\HorseRace.csproj", "{40F82B7D-0C16-4AD8-82F0-2F80E76BC0B5}"
EndProject
Project("{FAE04EC0-301F-11D3-BF4B-00C04F79EFBC}") = "HorseRace.Tests", "HorseRace.Tests\HorseRace.Tests.csproj", "{C251F493-8BB7-4B47-8ECE-B8D36840A881}"
EndProject
Global
	GlobalSection(SolutionConfigurationPlatforms) = preSolution
		Debug|Any CPU = Debug|Any CPU
		Release|Any CPU = Release|Any CPU
	EndGlobalSection
	GlobalSection(ProjectConfigurationPlatforms) = postSolution
		{40F82B7D-0C16-4AD8-82F0-2F80E76BC0B5}.Debug|Any CPU.ActiveCfg = Debug|Any CPU
		{40F82B7D-0C16-4AD8-82F0-2F80E76BC0B5}.Debug|Any CPU.Build.0 = Debug|Any CPU
		{40F82B7D-0C16-4AD8-82F0-2F80E76BC0B5}.Release|Any CPU.ActiveCfg = Release|Any CPU
		{40F82B7D-0C16-4AD8-82F0-2F80E76BC0B5}.Release|Any CPU.Build.0 = Release|Any CPU
		{C251F493-8BB7-4B47-8ECE-B8D36840A881}.Debug|Any CPU.ActiveCfg = Debug|Any CPU
		{C251F493-8BB7-4B47-8ECE-B8D36840A881}.Debug|Any CPU.Build.0 = Debug|Any CPU
		{C251F493-8BB7-4B47-8ECE-B8D36840A881}.Release|Any CPU.ActiveCfg = Release|Any CPU
		{C251F493-8BB7-4B47-8ECE-B8D36840A881}.Release|Any CPU.Build.0 = Release|Any CPU
	EndGlobalSection
	GlobalSection(SolutionProperties) = preSolution
		HideSolutionNode = FALSE
	EndGlobalSection
	GlobalSection(ExtensibilityGlobals) = postSolution
		SolutionGuid = {D8B5B1A1-A2F8-45FE-8E21-167BF4FC7A0B}
	EndGlobalSection
EndGlobal
